
Microsoft Visual Studio Solution File, Format Version 12.00
# Visual Studio Version 16
VisualStudioVersion = 16.0.31019.35
MinimumVisualStudioVersion = 10.0.40219.1
Project("{FAE04EC0-301F-11D3-BF4B-00C04F79EFBC}") = "CA_Yemek", "CA_Yemek\CA_Yemek.csproj", "{D1908956-C54E-4056-9A20-7EBE6BA253EA}"
EndProject
Global
	GlobalSection(SolutionConfigurationPlatforms) = preSolution
		Debug|Any CPU = Debug|Any CPU
		Release|Any CPU = Release|Any CPU
	EndGlobalSection
	GlobalSection(ProjectConfigurationPlatforms) = postSolution
		{D1908956-C54E-4056-9A20-7EBE6BA253EA}.Debug|Any CPU.ActiveCfg = Debug|Any CPU
		{D1908956-C54E-4056-9A20-7EBE6BA253EA}.Debug|Any CPU.Build.0 = Debug|Any CPU
		{D1908956-C54E-4056-9A20-7EBE6BA253EA}.Release|Any CPU.ActiveCfg = Release|Any CPU
		{D1908956-C54E-4056-9A20-7EBE6BA253EA}.Release|Any CPU.Build.0 = Release|Any CPU
	EndGlobalSection
	GlobalSection(SolutionProperties) = preSolution
		HideSolutionNode = FALSE
	EndGlobalSection
	GlobalSection(ExtensibilityGlobals) = postSolution
		SolutionGuid = {D6607852-7227-459A-B3F7-FEE5468B345C}
	EndGlobalSection
EndGlobal
